
Microsoft Visual Studio Solution File, Format Version 12.00
# Visual Studio 2013
VisualStudioVersion = 12.0.21005.1
MinimumVisualStudioVersion = 10.0.40219.1
Project("{2150E333-8FDC-42A3-9474-1A3956D46DE8}") = "Tests", "Tests", "{4DB23668-513E-47B7-A5FC-0C7D20FF8356}"
EndProject
Project("{FAE04EC0-301F-11D3-BF4B-00C04F79EFBC}") = "U", "U\U.csproj", "{69C8DB8B-1DA8-4236-B2AC-7DAF57064B2F}"
EndProject
Project("{FAE04EC0-301F-11D3-BF4B-00C04F79EFBC}") = "U.Tests.Web", "Tests\U.Tests.Web\U.Tests.Web.csproj", "{D8828369-5FBD-4EE8-8B11-E8781C321493}"
EndProject
Project("{FAE04EC0-301F-11D3-BF4B-00C04F79EFBC}") = "U.HangFire", "U.HangFire\U.HangFire.csproj", "{A08B7B3D-92B0-4C78-B80D-AF66DA79E957}"
EndProject
Project("{FAE04EC0-301F-11D3-BF4B-00C04F79EFBC}") = "U.Redis", "U.Redis\U.Redis.csproj", "{AB3356FD-1D8A-4725-99ED-33FE4B7A8387}"
EndProject
Project("{FAE04EC0-301F-11D3-BF4B-00C04F79EFBC}") = "U.Tests.ConsoleApp", "Tests\U.Tests.ConsoleApp\U.Tests.ConsoleApp.csproj", "{EC82304A-F98E-4F9E-B51E-A75133A8CA82}"
EndProject
Project("{FAE04EC0-301F-11D3-BF4B-00C04F79EFBC}") = "U.Tests", "Tests\U.Tests\U.Tests.csproj", "{86C7A271-B2D7-4227-8D5F-B0BF63301594}"
EndProject
Project("{FAE04EC0-301F-11D3-BF4B-00C04F79EFBC}") = "U.Dapper", "U.Dapper\U.Dapper.csproj", "{2DCEFBE0-31CD-4366-AAFE-431EDEB22D39}"
EndProject
Project("{2150E333-8FDC-42A3-9474-1A3956D46DE8}") = "ExtensionMethods", "ExtensionMethods", "{5F2091A5-19FD-474E-8F69-10D1F574B518}"
EndProject
Project("{FAE04EC0-301F-11D3-BF4B-00C04F79EFBC}") = "U.Extension.Core", "ExtensionMethods\U.Extension.Core\U.Extension.Core.csproj", "{625BBA45-38C1-4EC1-B0CB-58BB8ACF8CE4}"
EndProject
Project("{FAE04EC0-301F-11D3-BF4B-00C04F79EFBC}") = "U.Extension.Web", "ExtensionMethods\U.Extension.Web\U.Extension.Web.csproj", "{F77E8E48-57F5-4611-835C-8BEA99939D05}"
EndProject
Project("{FAE04EC0-301F-11D3-BF4B-00C04F79EFBC}") = "U.Extension.Serialization", "ExtensionMethods\U.Extension.Serialization\U.Extension.Serialization.csproj", "{9CFA1181-6D1A-471C-B98E-F9DB178A1E86}"
EndProject
Project("{FAE04EC0-301F-11D3-BF4B-00C04F79EFBC}") = "U.Extension.Collections", "ExtensionMethods\U.Extension.Collections\U.Extension.Collections.csproj", "{193B9757-2546-47EF-9342-70BAAB6DF59D}"
EndProject
Project("{FAE04EC0-301F-11D3-BF4B-00C04F79EFBC}") = "U.Utilities", "U.Utilities\U.Utilities.csproj", "{250F5724-011B-44E0-B34C-7F7292318351}"
EndProject
Project("{FAE04EC0-301F-11D3-BF4B-00C04F79EFBC}") = "U.AutoMapper", "U.AutoMapper\U.AutoMapper.csproj", "{67BD0A50-8853-4E2F-B083-CF38508D090A}"
EndProject
Project("{FAE04EC0-301F-11D3-BF4B-00C04F79EFBC}") = "U.MongoDB", "U.MongoDB\U.MongoDB.csproj", "{52D71ED5-983A-4A9C-84BF-FBD58AF87698}"
EndProject
Project("{FAE04EC0-301F-11D3-BF4B-00C04F79EFBC}") = "U.Web.Mvc", "U.Web.Mvc\U.Web.Mvc.csproj", "{5C5CF22F-3723-4C60-8D67-9D8BC762A5F9}"
EndProject
Project("{FAE04EC0-301F-11D3-BF4B-00C04F79EFBC}") = "U.Web", "U.Web\U.Web.csproj", "{5CB14121-85E8-45AE-816D-439CF63F9BFA}"
EndProject
Project("{FAE04EC0-301F-11D3-BF4B-00C04F79EFBC}") = "U.Tests.WebMvc", "Tests\U.Tests.WebMvc\U.Tests.WebMvc.csproj", "{FE0D1F15-7646-47D9-B86C-21C117698BF6}"
EndProject
Project("{FAE04EC0-301F-11D3-BF4B-00C04F79EFBC}") = "U.Web.Api", "U.Web.Api\U.Web.Api.csproj", "{7CEB5574-4CC4-4FFF-9DC3-6A4E5CACA87C}"
EndProject
Project("{FAE04EC0-301F-11D3-BF4B-00C04F79EFBC}") = "U.EntityFramework", "U.EntityFramework\U.EntityFramework.csproj", "{53F7D058-22AD-4CF0-8C67-608B1AFE723F}"
EndProject
Project("{FAE04EC0-301F-11D3-BF4B-00C04F79EFBC}") = "U.FakeMvc", "U.FakeMvc\U.FakeMvc.csproj", "{3329AD40-4936-4902-94BD-31E651AE35F2}"
EndProject
Project("{FAE04EC0-301F-11D3-BF4B-00C04F79EFBC}") = "U.Extension.Drawing", "ExtensionMethods\U.Extension.Drawing\U.Extension.Drawing.csproj", "{0DB5B966-B954-40AE-872A-FD0A926FEA5A}"
EndProject
Project("{2150E333-8FDC-42A3-9474-1A3956D46DE8}") = ".nuget", ".nuget", "{9BBBE61C-9862-45D2-9EF7-BB42CDB7DF13}"
	ProjectSection(SolutionItems) = preProject
		.nuget\packages.config = .nuget\packages.config
	EndProjectSection
EndProject
Project("{FAE04EC0-301F-11D3-BF4B-00C04F79EFBC}") = "U.Converters", "U.Converters\U.Converters.csproj", "{683B408E-EAB5-4480-8119-B42C8B049B93}"
EndProject
Global
	GlobalSection(SolutionConfigurationPlatforms) = preSolution
		Debug|Any CPU = Debug|Any CPU
		Release|Any CPU = Release|Any CPU
	EndGlobalSection
	GlobalSection(ProjectConfigurationPlatforms) = postSolution
		{69C8DB8B-1DA8-4236-B2AC-7DAF57064B2F}.Debug|Any CPU.ActiveCfg = Debug|Any CPU
		{69C8DB8B-1DA8-4236-B2AC-7DAF57064B2F}.Debug|Any CPU.Build.0 = Debug|Any CPU
		{69C8DB8B-1DA8-4236-B2AC-7DAF57064B2F}.Release|Any CPU.ActiveCfg = Release|Any CPU
		{69C8DB8B-1DA8-4236-B2AC-7DAF57064B2F}.Release|Any CPU.Build.0 = Release|Any CPU
		{D8828369-5FBD-4EE8-8B11-E8781C321493}.Debug|Any CPU.ActiveCfg = Debug|Any CPU
		{D8828369-5FBD-4EE8-8B11-E8781C321493}.Debug|Any CPU.Build.0 = Debug|Any CPU
		{D8828369-5FBD-4EE8-8B11-E8781C321493}.Release|Any CPU.ActiveCfg = Release|Any CPU
		{D8828369-5FBD-4EE8-8B11-E8781C321493}.Release|Any CPU.Build.0 = Release|Any CPU
		{A08B7B3D-92B0-4C78-B80D-AF66DA79E957}.Debug|Any CPU.ActiveCfg = Debug|Any CPU
		{A08B7B3D-92B0-4C78-B80D-AF66DA79E957}.Debug|Any CPU.Build.0 = Debug|Any CPU
		{A08B7B3D-92B0-4C78-B80D-AF66DA79E957}.Release|Any CPU.ActiveCfg = Release|Any CPU
		{A08B7B3D-92B0-4C78-B80D-AF66DA79E957}.Release|Any CPU.Build.0 = Release|Any CPU
		{AB3356FD-1D8A-4725-99ED-33FE4B7A8387}.Debug|Any CPU.ActiveCfg = Debug|Any CPU
		{AB3356FD-1D8A-4725-99ED-33FE4B7A8387}.Debug|Any CPU.Build.0 = Debug|Any CPU
		{AB3356FD-1D8A-4725-99ED-33FE4B7A8387}.Release|Any CPU.ActiveCfg = Release|Any CPU
		{AB3356FD-1D8A-4725-99ED-33FE4B7A8387}.Release|Any CPU.Build.0 = Release|Any CPU
		{EC82304A-F98E-4F9E-B51E-A75133A8CA82}.Debug|Any CPU.ActiveCfg = Debug|Any CPU
		{EC82304A-F98E-4F9E-B51E-A75133A8CA82}.Debug|Any CPU.Build.0 = Debug|Any CPU
		{EC82304A-F98E-4F9E-B51E-A75133A8CA82}.Release|Any CPU.ActiveCfg = Release|Any CPU
		{EC82304A-F98E-4F9E-B51E-A75133A8CA82}.Release|Any CPU.Build.0 = Release|Any CPU
		{86C7A271-B2D7-4227-8D5F-B0BF63301594}.Debug|Any CPU.ActiveCfg = Debug|Any CPU
		{86C7A271-B2D7-4227-8D5F-B0BF63301594}.Debug|Any CPU.Build.0 = Debug|Any CPU
		{86C7A271-B2D7-4227-8D5F-B0BF63301594}.Release|Any CPU.ActiveCfg = Release|Any CPU
		{86C7A271-B2D7-4227-8D5F-B0BF63301594}.Release|Any CPU.Build.0 = Release|Any CPU
		{2DCEFBE0-31CD-4366-AAFE-431EDEB22D39}.Debug|Any CPU.ActiveCfg = Debug|Any CPU
		{2DCEFBE0-31CD-4366-AAFE-431EDEB22D39}.Debug|Any CPU.Build.0 = Debug|Any CPU
		{2DCEFBE0-31CD-4366-AAFE-431EDEB22D39}.Release|Any CPU.ActiveCfg = Release|Any CPU
		{2DCEFBE0-31CD-4366-AAFE-431EDEB22D39}.Release|Any CPU.Build.0 = Release|Any CPU
		{625BBA45-38C1-4EC1-B0CB-58BB8ACF8CE4}.Debug|Any CPU.ActiveCfg = Debug|Any CPU
		{625BBA45-38C1-4EC1-B0CB-58BB8ACF8CE4}.Debug|Any CPU.Build.0 = Debug|Any CPU
		{625BBA45-38C1-4EC1-B0CB-58BB8ACF8CE4}.Release|Any CPU.ActiveCfg = Release|Any CPU
		{625BBA45-38C1-4EC1-B0CB-58BB8ACF8CE4}.Release|Any CPU.Build.0 = Release|Any CPU
		{F77E8E48-57F5-4611-835C-8BEA99939D05}.Debug|Any CPU.ActiveCfg = Debug|Any CPU
		{F77E8E48-57F5-4611-835C-8BEA99939D05}.Debug|Any CPU.Build.0 = Debug|Any CPU
		{F77E8E48-57F5-4611-835C-8BEA99939D05}.Release|Any CPU.ActiveCfg = Release|Any CPU
		{F77E8E48-57F5-4611-835C-8BEA99939D05}.Release|Any CPU.Build.0 = Release|Any CPU
		{9CFA1181-6D1A-471C-B98E-F9DB178A1E86}.Debug|Any CPU.ActiveCfg = Debug|Any CPU
		{9CFA1181-6D1A-471C-B98E-F9DB178A1E86}.Debug|Any CPU.Build.0 = Debug|Any CPU
		{9CFA1181-6D1A-471C-B98E-F9DB178A1E86}.Release|Any CPU.ActiveCfg = Release|Any CPU
		{9CFA1181-6D1A-471C-B98E-F9DB178A1E86}.Release|Any CPU.Build.0 = Release|Any CPU
		{193B9757-2546-47EF-9342-70BAAB6DF59D}.Debug|Any CPU.ActiveCfg = Debug|Any CPU
		{193B9757-2546-47EF-9342-70BAAB6DF59D}.Debug|Any CPU.Build.0 = Debug|Any CPU
		{193B9757-2546-47EF-9342-70BAAB6DF59D}.Release|Any CPU.ActiveCfg = Release|Any CPU
		{193B9757-2546-47EF-9342-70BAAB6DF59D}.Release|Any CPU.Build.0 = Release|Any CPU
		{250F5724-011B-44E0-B34C-7F7292318351}.Debug|Any CPU.ActiveCfg = Debug|Any CPU
		{250F5724-011B-44E0-B34C-7F7292318351}.Debug|Any CPU.Build.0 = Debug|Any CPU
		{250F5724-011B-44E0-B34C-7F7292318351}.Release|Any CPU.ActiveCfg = Release|Any CPU
		{250F5724-011B-44E0-B34C-7F7292318351}.Release|Any CPU.Build.0 = Release|Any CPU
		{67BD0A50-8853-4E2F-B083-CF38508D090A}.Debug|Any CPU.ActiveCfg = Debug|Any CPU
		{67BD0A50-8853-4E2F-B083-CF38508D090A}.Debug|Any CPU.Build.0 = Debug|Any CPU
		{67BD0A50-8853-4E2F-B083-CF38508D090A}.Release|Any CPU.ActiveCfg = Release|Any CPU
		{67BD0A50-8853-4E2F-B083-CF38508D090A}.Release|Any CPU.Build.0 = Release|Any CPU
		{52D71ED5-983A-4A9C-84BF-FBD58AF87698}.Debug|Any CPU.ActiveCfg = Debug|Any CPU
		{52D71ED5-983A-4A9C-84BF-FBD58AF87698}.Debug|Any CPU.Build.0 = Debug|Any CPU
		{52D71ED5-983A-4A9C-84BF-FBD58AF87698}.Release|Any CPU.ActiveCfg = Release|Any CPU
		{52D71ED5-983A-4A9C-84BF-FBD58AF87698}.Release|Any CPU.Build.0 = Release|Any CPU
		{5C5CF22F-3723-4C60-8D67-9D8BC762A5F9}.Debug|Any CPU.ActiveCfg = Debug|Any CPU
		{5C5CF22F-3723-4C60-8D67-9D8BC762A5F9}.Debug|Any CPU.Build.0 = Debug|Any CPU
		{5C5CF22F-3723-4C60-8D67-9D8BC762A5F9}.Release|Any CPU.ActiveCfg = Release|Any CPU
		{5C5CF22F-3723-4C60-8D67-9D8BC762A5F9}.Release|Any CPU.Build.0 = Release|Any CPU
		{5CB14121-85E8-45AE-816D-439CF63F9BFA}.Debug|Any CPU.ActiveCfg = Debug|Any CPU
		{5CB14121-85E8-45AE-816D-439CF63F9BFA}.Debug|Any CPU.Build.0 = Debug|Any CPU
		{5CB14121-85E8-45AE-816D-439CF63F9BFA}.Release|Any CPU.ActiveCfg = Release|Any CPU
		{5CB14121-85E8-45AE-816D-439CF63F9BFA}.Release|Any CPU.Build.0 = Release|Any CPU
		{FE0D1F15-7646-47D9-B86C-21C117698BF6}.Debug|Any CPU.ActiveCfg = Debug|Any CPU
		{FE0D1F15-7646-47D9-B86C-21C117698BF6}.Debug|Any CPU.Build.0 = Debug|Any CPU
		{FE0D1F15-7646-47D9-B86C-21C117698BF6}.Release|Any CPU.ActiveCfg = Release|Any CPU
		{FE0D1F15-7646-47D9-B86C-21C117698BF6}.Release|Any CPU.Build.0 = Release|Any CPU
		{7CEB5574-4CC4-4FFF-9DC3-6A4E5CACA87C}.Debug|Any CPU.ActiveCfg = Debug|Any CPU
		{7CEB5574-4CC4-4FFF-9DC3-6A4E5CACA87C}.Debug|Any CPU.Build.0 = Debug|Any CPU
		{7CEB5574-4CC4-4FFF-9DC3-6A4E5CACA87C}.Release|Any CPU.ActiveCfg = Release|Any CPU
		{7CEB5574-4CC4-4FFF-9DC3-6A4E5CACA87C}.Release|Any CPU.Build.0 = Release|Any CPU
		{53F7D058-22AD-4CF0-8C67-608B1AFE723F}.Debug|Any CPU.ActiveCfg = Debug|Any CPU
		{53F7D058-22AD-4CF0-8C67-608B1AFE723F}.Debug|Any CPU.Build.0 = Debug|Any CPU
		{53F7D058-22AD-4CF0-8C67-608B1AFE723F}.Release|Any CPU.ActiveCfg = Release|Any CPU
		{53F7D058-22AD-4CF0-8C67-608B1AFE723F}.Release|Any CPU.Build.0 = Release|Any CPU
		{3329AD40-4936-4902-94BD-31E651AE35F2}.Debug|Any CPU.ActiveCfg = Debug|Any CPU
		{3329AD40-4936-4902-94BD-31E651AE35F2}.Debug|Any CPU.Build.0 = Debug|Any CPU
		{3329AD40-4936-4902-94BD-31E651AE35F2}.Release|Any CPU.ActiveCfg = Release|Any CPU
		{3329AD40-4936-4902-94BD-31E651AE35F2}.Release|Any CPU.Build.0 = Release|Any CPU
		{0DB5B966-B954-40AE-872A-FD0A926FEA5A}.Debug|Any CPU.ActiveCfg = Debug|Any CPU
		{0DB5B966-B954-40AE-872A-FD0A926FEA5A}.Debug|Any CPU.Build.0 = Debug|Any CPU
		{0DB5B966-B954-40AE-872A-FD0A926FEA5A}.Release|Any CPU.ActiveCfg = Release|Any CPU
		{0DB5B966-B954-40AE-872A-FD0A926FEA5A}.Release|Any CPU.Build.0 = Release|Any CPU
		{683B408E-EAB5-4480-8119-B42C8B049B93}.Debug|Any CPU.ActiveCfg = Debug|Any CPU
		{683B408E-EAB5-4480-8119-B42C8B049B93}.Debug|Any CPU.Build.0 = Debug|Any CPU
		{683B408E-EAB5-4480-8119-B42C8B049B93}.Release|Any CPU.ActiveCfg = Release|Any CPU
		{683B408E-EAB5-4480-8119-B42C8B049B93}.Release|Any CPU.Build.0 = Release|Any CPU
	EndGlobalSection
	GlobalSection(SolutionProperties) = preSolution
		HideSolutionNode = FALSE
	EndGlobalSection
	GlobalSection(NestedProjects) = preSolution
		{D8828369-5FBD-4EE8-8B11-E8781C321493} = {4DB23668-513E-47B7-A5FC-0C7D20FF8356}
		{EC82304A-F98E-4F9E-B51E-A75133A8CA82} = {4DB23668-513E-47B7-A5FC-0C7D20FF8356}
		{86C7A271-B2D7-4227-8D5F-B0BF63301594} = {4DB23668-513E-47B7-A5FC-0C7D20FF8356}
		{FE0D1F15-7646-47D9-B86C-21C117698BF6} = {4DB23668-513E-47B7-A5FC-0C7D20FF8356}
		{625BBA45-38C1-4EC1-B0CB-58BB8ACF8CE4} = {5F2091A5-19FD-474E-8F69-10D1F574B518}
		{F77E8E48-57F5-4611-835C-8BEA99939D05} = {5F2091A5-19FD-474E-8F69-10D1F574B518}
		{9CFA1181-6D1A-471C-B98E-F9DB178A1E86} = {5F2091A5-19FD-474E-8F69-10D1F574B518}
		{193B9757-2546-47EF-9342-70BAAB6DF59D} = {5F2091A5-19FD-474E-8F69-10D1F574B518}
		{0DB5B966-B954-40AE-872A-FD0A926FEA5A} = {5F2091A5-19FD-474E-8F69-10D1F574B518}
	EndGlobalSection
EndGlobal
